
Microsoft Visual Studio Solution File, Format Version 12.00
# Visual Studio Version 16
VisualStudioVersion = 16.0.31005.135
MinimumVisualStudioVersion = 10.0.40219.1
Project("{9A19103F-16F7-4668-BE54-9A1E7A4F7556}") = "DataStructure", "DataStructure.csproj", "{E39B769D-AFA9-47B6-A977-3C7B7501408B}"
EndProject
Project("{9A19103F-16F7-4668-BE54-9A1E7A4F7556}") = "LinkedList", "..\LinkedList\LinkedList.csproj", "{B47D8B15-6CC2-43BF-9F47-F630CC1F5C0F}"
EndProject
Global
	GlobalSection(SolutionConfigurationPlatforms) = preSolution
		Debug|Any CPU = Debug|Any CPU
		Release|Any CPU = Release|Any CPU
	EndGlobalSection
	GlobalSection(ProjectConfigurationPlatforms) = postSolution
		{E39B769D-AFA9-47B6-A977-3C7B7501408B}.Debug|Any CPU.ActiveCfg = Debug|Any CPU
		{E39B769D-AFA9-47B6-A977-3C7B7501408B}.Debug|Any CPU.Build.0 = Debug|Any CPU
		{E39B769D-AFA9-47B6-A977-3C7B7501408B}.Release|Any CPU.ActiveCfg = Release|Any CPU
		{E39B769D-AFA9-47B6-A977-3C7B7501408B}.Release|Any CPU.Build.0 = Release|Any CPU
		{B47D8B15-6CC2-43BF-9F47-F630CC1F5C0F}.Debug|Any CPU.ActiveCfg = Debug|Any CPU
		{B47D8B15-6CC2-43BF-9F47-F630CC1F5C0F}.Debug|Any CPU.Build.0 = Debug|Any CPU
		{B47D8B15-6CC2-43BF-9F47-F630CC1F5C0F}.Release|Any CPU.ActiveCfg = Release|Any CPU
		{B47D8B15-6CC2-43BF-9F47-F630CC1F5C0F}.Release|Any CPU.Build.0 = Release|Any CPU
	EndGlobalSection
	GlobalSection(SolutionProperties) = preSolution
		HideSolutionNode = FALSE
	EndGlobalSection
	GlobalSection(ExtensibilityGlobals) = postSolution
		SolutionGuid = {3B5A4C2D-AF34-461C-9580-ADFA7C69081E}
	EndGlobalSection
EndGlobal
